// !$*UTF8*$!
{
	archiveVersion = 1;
	classes = {
	};
	objectVersion = 46;
	objects = {

/* Begin PBXBuildFile section */
		17B5C3D6A910AF0802187B03 /* NSDate+AZDateBuilder.m in Sources */ = {isa = PBXBuildFile; fileRef = 17B5C0F73EACA82F47D6E59E /* NSDate+AZDateBuilder.m */; };
		5B08C8EC7BD7F55734845F9F /* libPods-LogicTests.a in Frameworks */ = {isa = PBXBuildFile; fileRef = 60EA4BAFFE3F0F82CB3CDB90 /* libPods-LogicTests.a */; };
		732F3B49173AA73B00026B5E /* UIKit.framework in Frameworks */ = {isa = PBXBuildFile; fileRef = 732F3B24173AA72400026B5E /* UIKit.framework */; };
		732F3B4A173AA73B00026B5E /* Foundation.framework in Frameworks */ = {isa = PBXBuildFile; fileRef = 732F3B26173AA72400026B5E /* Foundation.framework */; };
		732F3B75173AA7A300026B5E /* NSDate_AZDateBuilderTest.m in Sources */ = {isa = PBXBuildFile; fileRef = 732F3B74173AA7A300026B5E /* NSDate_AZDateBuilderTest.m */; };
/* End PBXBuildFile section */

/* Begin PBXFileReference section */
		17B5C0F73EACA82F47D6E59E /* NSDate+AZDateBuilder.m */ = {isa = PBXFileReference; fileEncoding = 4; lastKnownFileType = sourcecode.c.objc; path = "NSDate+AZDateBuilder.m"; sourceTree = "<group>"; };
		17B5C99ED6DC47CB4FC37BA9 /* NSDate+AZDateBuilder.h */ = {isa = PBXFileReference; fileEncoding = 4; lastKnownFileType = sourcecode.c.h; path = "NSDate+AZDateBuilder.h"; sourceTree = "<group>"; };
		45C3D1AB77D6321989585B64 /* Pods-LogicTests.debug.xcconfig */ = {isa = PBXFileReference; includeInIndex = 1; lastKnownFileType = text.xcconfig; name = "Pods-LogicTests.debug.xcconfig"; path = "Pods/Target Support Files/Pods-LogicTests/Pods-LogicTests.debug.xcconfig"; sourceTree = "<group>"; };
		60EA4BAFFE3F0F82CB3CDB90 /* libPods-LogicTests.a */ = {isa = PBXFileReference; explicitFileType = archive.ar; includeInIndex = 0; path = "libPods-LogicTests.a"; sourceTree = BUILT_PRODUCTS_DIR; };
		732F3B24173AA72400026B5E /* UIKit.framework */ = {isa = PBXFileReference; lastKnownFileType = wrapper.framework; name = UIKit.framework; path = System/Library/Frameworks/UIKit.framework; sourceTree = SDKROOT; };
		732F3B26173AA72400026B5E /* Foundation.framework */ = {isa = PBXFileReference; lastKnownFileType = wrapper.framework; name = Foundation.framework; path = System/Library/Frameworks/Foundation.framework; sourceTree = SDKROOT; };
		732F3B28173AA72400026B5E /* CoreGraphics.framework */ = {isa = PBXFileReference; lastKnownFileType = wrapper.framework; name = CoreGraphics.framework; path = System/Library/Frameworks/CoreGraphics.framework; sourceTree = SDKROOT; };
		732F3B46173AA73B00026B5E /* LogicTests.xctest */ = {isa = PBXFileReference; explicitFileType = wrapper.cfbundle; includeInIndex = 0; path = LogicTests.xctest; sourceTree = BUILT_PRODUCTS_DIR; };
		732F3B4D173AA73B00026B5E /* LogicTests-Info.plist */ = {isa = PBXFileReference; lastKnownFileType = text.plist.xml; path = "LogicTests-Info.plist"; sourceTree = "<group>"; };
		732F3B4F173AA73B00026B5E /* en */ = {isa = PBXFileReference; lastKnownFileType = text.plist.strings; name = en; path = en.lproj/InfoPlist.strings; sourceTree = "<group>"; };
		732F3B54173AA73B00026B5E /* LogicTests-Prefix.pch */ = {isa = PBXFileReference; lastKnownFileType = sourcecode.c.h; path = "LogicTests-Prefix.pch"; sourceTree = "<group>"; };
		732F3B74173AA7A300026B5E /* NSDate_AZDateBuilderTest.m */ = {isa = PBXFileReference; fileEncoding = 4; lastKnownFileType = sourcecode.c.objc; path = NSDate_AZDateBuilderTest.m; sourceTree = "<group>"; };
		D2EAFC3CBA13DB0347A8B118 /* Pods-LogicTests.release.xcconfig */ = {isa = PBXFileReference; includeInIndex = 1; lastKnownFileType = text.xcconfig; name = "Pods-LogicTests.release.xcconfig"; path = "Pods/Target Support Files/Pods-LogicTests/Pods-LogicTests.release.xcconfig"; sourceTree = "<group>"; };
/* End PBXFileReference section */

/* Begin PBXFrameworksBuildPhase section */
		732F3B42173AA73B00026B5E /* Frameworks */ = {
			isa = PBXFrameworksBuildPhase;
			buildActionMask = 2147483647;
			files = (
				732F3B49173AA73B00026B5E /* UIKit.framework in Frameworks */,
				732F3B4A173AA73B00026B5E /* Foundation.framework in Frameworks */,
				5B08C8EC7BD7F55734845F9F /* libPods-LogicTests.a in Frameworks */,
			);
			runOnlyForDeploymentPostprocessing = 0;
		};
/* End PBXFrameworksBuildPhase section */

/* Begin PBXGroup section */
		17B5C1971A214FAD31FAA55A /* Lib */ = {
			isa = PBXGroup;
			children = (
				17B5C99ED6DC47CB4FC37BA9 /* NSDate+AZDateBuilder.h */,
				17B5C0F73EACA82F47D6E59E /* NSDate+AZDateBuilder.m */,
			);
			path = Lib;
			sourceTree = "<group>";
		};
		732F3B18173AA72400026B5E = {
			isa = PBXGroup;
			children = (
				732F3B4B173AA73B00026B5E /* LogicTests */,
				732F3B23173AA72400026B5E /* Frameworks */,
				732F3B22173AA72400026B5E /* Products */,
				17B5C1971A214FAD31FAA55A /* Lib */,
				A1BC244F96A0785392A81E0C /* Pods */,
			);
			sourceTree = "<group>";
		};
		732F3B22173AA72400026B5E /* Products */ = {
			isa = PBXGroup;
			children = (
				732F3B46173AA73B00026B5E /* LogicTests.xctest */,
			);
			name = Products;
			sourceTree = "<group>";
		};
		732F3B23173AA72400026B5E /* Frameworks */ = {
			isa = PBXGroup;
			children = (
				732F3B24173AA72400026B5E /* UIKit.framework */,
				732F3B26173AA72400026B5E /* Foundation.framework */,
				732F3B28173AA72400026B5E /* CoreGraphics.framework */,
				60EA4BAFFE3F0F82CB3CDB90 /* libPods-LogicTests.a */,
			);
			name = Frameworks;
			sourceTree = "<group>";
		};
		732F3B4B173AA73B00026B5E /* LogicTests */ = {
			isa = PBXGroup;
			children = (
				732F3B74173AA7A300026B5E /* NSDate_AZDateBuilderTest.m */,
				732F3B4C173AA73B00026B5E /* Supporting Files */,
			);
			path = LogicTests;
			sourceTree = "<group>";
		};
		732F3B4C173AA73B00026B5E /* Supporting Files */ = {
			isa = PBXGroup;
			children = (
				732F3B4D173AA73B00026B5E /* LogicTests-Info.plist */,
				732F3B4E173AA73B00026B5E /* InfoPlist.strings */,
				732F3B54173AA73B00026B5E /* LogicTests-Prefix.pch */,
			);
			name = "Supporting Files";
			sourceTree = "<group>";
		};
		A1BC244F96A0785392A81E0C /* Pods */ = {
			isa = PBXGroup;
			children = (
				45C3D1AB77D6321989585B64 /* Pods-LogicTests.debug.xcconfig */,
				D2EAFC3CBA13DB0347A8B118 /* Pods-LogicTests.release.xcconfig */,
			);
			name = Pods;
			sourceTree = "<group>";
		};
/* End PBXGroup section */

/* Begin PBXNativeTarget section */
		732F3B45173AA73B00026B5E /* LogicTests */ = {
			isa = PBXNativeTarget;
			buildConfigurationList = 732F3B55173AA73C00026B5E /* Build configuration list for PBXNativeTarget "LogicTests" */;
			buildPhases = (
				029372010C6447BADE04D082 /* [CP] Check Pods Manifest.lock */,
				732F3B41173AA73B00026B5E /* Sources */,
				732F3B42173AA73B00026B5E /* Frameworks */,
				732F3B43173AA73B00026B5E /* Resources */,
				732F3B44173AA73B00026B5E /* ShellScript */,
			);
			buildRules = (
			);
			dependencies = (
			);
			name = LogicTests;
			productName = LogicTests;
			productReference = 732F3B46173AA73B00026B5E /* LogicTests.xctest */;
			productType = "com.apple.product-type.bundle.unit-test";
		};
/* End PBXNativeTarget section */

/* Begin PBXProject section */
		732F3B19173AA72400026B5E /* Project object */ = {
			isa = PBXProject;
			attributes = {
				LastTestingUpgradeCheck = 0600;
				LastUpgradeCheck = 0460;
				ORGANIZATIONNAME = azu;
			};
			buildConfigurationList = 732F3B1C173AA72400026B5E /* Build configuration list for PBXProject "AZDateBuilder" */;
			compatibilityVersion = "Xcode 3.2";
			developmentRegion = English;
			hasScannedForEncodings = 0;
			knownRegions = (
				en,
			);
			mainGroup = 732F3B18173AA72400026B5E;
			productRefGroup = 732F3B22173AA72400026B5E /* Products */;
			projectDirPath = "";
			projectRoot = "";
			targets = (
				732F3B45173AA73B00026B5E /* LogicTests */,
			);
		};
/* End PBXProject section */

/* Begin PBXResourcesBuildPhase section */
		732F3B43173AA73B00026B5E /* Resources */ = {
			isa = PBXResourcesBuildPhase;
			buildActionMask = 2147483647;
			files = (
			);
			runOnlyForDeploymentPostprocessing = 0;
		};
/* End PBXResourcesBuildPhase section */

/* Begin PBXShellScriptBuildPhase section */
		029372010C6447BADE04D082 /* [CP] Check Pods Manifest.lock */ = {
			isa = PBXShellScriptBuildPhase;
			buildActionMask = 2147483647;
			files = (
			);
			inputPaths = (
				"${PODS_PODFILE_DIR_PATH}/Podfile.lock",
				"${PODS_ROOT}/Manifest.lock",
			);
			name = "[CP] Check Pods Manifest.lock";
			outputPaths = (
				"$(DERIVED_FILE_DIR)/Pods-LogicTests-checkManifestLockResult.txt",
			);
			runOnlyForDeploymentPostprocessing = 0;
			shellPath = /bin/sh;
			shellScript = "diff \"${PODS_PODFILE_DIR_PATH}/Podfile.lock\" \"${PODS_ROOT}/Manifest.lock\" > /dev/null\nif [ $? != 0 ] ; then\n    # print error to STDERR\n    echo \"error: The sandbox is not in sync with the Podfile.lock. Run 'pod install' or update your CocoaPods installation.\" >&2\n    exit 1\nfi\n# This output is used by Xcode 'outputs' to avoid re-running this script phase.\necho \"SUCCESS\" > \"${SCRIPT_OUTPUT_FILE_0}\"\n";
			showEnvVarsInLog = 0;
		};
		732F3B44173AA73B00026B5E /* ShellScript */ = {
			isa = PBXShellScriptBuildPhase;
			buildActionMask = 2147483647;
			files = (
			);
			inputPaths = (
			);
			outputPaths = (
			);
			runOnlyForDeploymentPostprocessing = 0;
			shellPath = /bin/sh;
			shellScript = "# Run the unit tests in this test bundle.\n\"${SYSTEM_DEVELOPER_DIR}/Tools/RunUnitTests\"\n";
		};
/* End PBXShellScriptBuildPhase section */

/* Begin PBXSourcesBuildPhase section */
		732F3B41173AA73B00026B5E /* Sources */ = {
			isa = PBXSourcesBuildPhase;
			buildActionMask = 2147483647;
			files = (
				732F3B75173AA7A300026B5E /* NSDate_AZDateBuilderTest.m in Sources */,
				17B5C3D6A910AF0802187B03 /* NSDate+AZDateBuilder.m in Sources */,
			);
			runOnlyForDeploymentPostprocessing = 0;
		};
/* End PBXSourcesBuildPhase section */

/* Begin PBXVariantGroup section */
		732F3B4E173AA73B00026B5E /* InfoPlist.strings */ = {
			isa = PBXVariantGroup;
			children = (
				732F3B4F173AA73B00026B5E /* en */,
			);
			name = InfoPlist.strings;
			sourceTree = "<group>";
		};
/* End PBXVariantGroup section */

/* Begin XCBuildConfiguration section */
		732F3B3C173AA72400026B5E /* Debug */ = {
			isa = XCBuildConfiguration;
			buildSettings = {
				ALWAYS_SEARCH_USER_PATHS = NO;
				CLANG_CXX_LANGUAGE_STANDARD = "gnu++0x";
				CLANG_CXX_LIBRARY = "libc++";
				CLANG_ENABLE_OBJC_ARC = YES;
				CLANG_WARN_CONSTANT_CONVERSION = YES;
				CLANG_WARN_EMPTY_BODY = YES;
				CLANG_WARN_ENUM_CONVERSION = YES;
				CLANG_WARN_INT_CONVERSION = YES;
				CLANG_WARN__DUPLICATE_METHOD_MATCH = YES;
				"CODE_SIGN_IDENTITY[sdk=iphoneos*]" = "iPhone Developer";
				COPY_PHASE_STRIP = NO;
				GCC_C_LANGUAGE_STANDARD = gnu99;
				GCC_DYNAMIC_NO_PIC = NO;
				GCC_OPTIMIZATION_LEVEL = 0;
				GCC_PREPROCESSOR_DEFINITIONS = (
					"DEBUG=1",
					"$(inherited)",
				);
				GCC_SYMBOLS_PRIVATE_EXTERN = NO;
				GCC_WARN_ABOUT_RETURN_TYPE = YES;
				GCC_WARN_UNINITIALIZED_AUTOS = YES;
				GCC_WARN_UNUSED_VARIABLE = YES;
				IPHONEOS_DEPLOYMENT_TARGET = 5.0;
				ONLY_ACTIVE_ARCH = YES;
				SDKROOT = iphoneos;
			};
			name = Debug;
		};
		732F3B3D173AA72400026B5E /* Release */ = {
			isa = XCBuildConfiguration;
			buildSettings = {
				ALWAYS_SEARCH_USER_PATHS = NO;
				CLANG_CXX_LANGUAGE_STANDARD = "gnu++0x";
				CLANG_CXX_LIBRARY = "libc++";
				CLANG_ENABLE_OBJC_ARC = YES;
				CLANG_WARN_CONSTANT_CONVERSION = YES;
				CLANG_WARN_EMPTY_BODY = YES;
				CLANG_WARN_ENUM_CONVERSION = YES;
				CLANG_WARN_INT_CONVERSION = YES;
				CLANG_WARN__DUPLICATE_METHOD_MATCH = YES;
				"CODE_SIGN_IDENTITY[sdk=iphoneos*]" = "iPhone Developer";
				COPY_PHASE_STRIP = YES;
				GCC_C_LANGUAGE_STANDARD = gnu99;
				GCC_WARN_ABOUT_RETURN_TYPE = YES;
				GCC_WARN_UNINITIALIZED_AUTOS = YES;
				GCC_WARN_UNUSED_VARIABLE = YES;
				IPHONEOS_DEPLOYMENT_TARGET = 5.0;
				ONLY_ACTIVE_ARCH = YES;
				OTHER_CFLAGS = "-DNS_BLOCK_ASSERTIONS=1";
				SDKROOT = iphoneos;
				VALIDATE_PRODUCT = YES;
			};
			name = Release;
		};
		732F3B56173AA73C00026B5E /* Debug */ = {
			isa = XCBuildConfiguration;
			baseConfigurationReference = 45C3D1AB77D6321989585B64 /* Pods-LogicTests.debug.xcconfig */;
			buildSettings = {
				FRAMEWORK_SEARCH_PATHS = (
					"\"$(SDKROOT)/Developer/Library/Frameworks\"",
					"\"$(DEVELOPER_LIBRARY_DIR)/Frameworks\"",
					"$(inherited)",
				);
				GCC_PRECOMPILE_PREFIX_HEADER = YES;
				GCC_PREFIX_HEADER = "LogicTests/LogicTests-Prefix.pch";
				INFOPLIST_FILE = "LogicTests/LogicTests-Info.plist";
				IPHONEOS_DEPLOYMENT_TARGET = 8.3;
				ONLY_ACTIVE_ARCH = NO;
				PRODUCT_NAME = "$(TARGET_NAME)";
			};
			name = Debug;
		};
		732F3B57173AA73C00026B5E /* Release */ = {
			isa = XCBuildConfiguration;
			baseConfigurationReference = D2EAFC3CBA13DB0347A8B118 /* Pods-LogicTests.release.xcconfig */;
			buildSettings = {
				FRAMEWORK_SEARCH_PATHS = (
					"\"$(SDKROOT)/Developer/Library/Frameworks\"",
					"\"$(DEVELOPER_LIBRARY_DIR)/Frameworks\"",
					"$(inherited)",
				);
				GCC_PRECOMPILE_PREFIX_HEADER = YES;
				GCC_PREFIX_HEADER = "LogicTests/LogicTests-Prefix.pch";
				INFOPLIST_FILE = "LogicTests/LogicTests-Info.plist";
				IPHONEOS_DEPLOYMENT_TARGET = 8.3;
				ONLY_ACTIVE_ARCH = NO;
				PRODUCT_NAME = "$(TARGET_NAME)";
			};
			name = Release;
		};
/* End XCBuildConfiguration section */

/* Begin XCConfigurationList section */
		732F3B1C173AA72400026B5E /* Build configuration list for PBXProject "AZDateBuilder" */ = {
			isa = XCConfigurationList;
			buildConfigurations = (
				732F3B3C173AA72400026B5E /* Debug */,
				732F3B3D173AA72400026B5E /* Release */,
			);
			defaultConfigurationIsVisible = 0;
			defaultConfigurationName = Release;
		};
		732F3B55173AA73C00026B5E /* Build configuration list for PBXNativeTarget "LogicTests" */ = {
			isa = XCConfigurationList;
			buildConfigurations = (
				732F3B56173AA73C00026B5E /* Debug */,
				732F3B57173AA73C00026B5E /* Release */,
			);
			defaultConfigurationIsVisible = 0;
			defaultConfigurationName = Release;
		};
/* End XCConfigurationList section */
	};
	rootObject = 732F3B19173AA72400026B5E /* Project object */;
}
