// !$*UTF8*$!
{
	archiveVersion = 1;
	classes = {
	};
	objectVersion = 46;
	objects = {

/* Begin PBXBuildFile section */
		32B811A93A2E4C7D8C135535 /* libPods-ApplicationTests.a in Frameworks */ = {isa = PBXBuildFile; fileRef = E49B1FD1A3AD402097862FDE /* libPods-ApplicationTests.a */; };
		62B53AF8FCC34164A8710600 /* libPods.a in Frameworks */ = {isa = PBXBuildFile; fileRef = 9D1222BE749A489F84C49B3F /* libPods.a */; };
		732F3B25173AA72400026B5E /* UIKit.framework in Frameworks */ = {isa = PBXBuildFile; fileRef = 732F3B24173AA72400026B5E /* UIKit.framework */; };
		732F3B27173AA72400026B5E /* Foundation.framework in Frameworks */ = {isa = PBXBuildFile; fileRef = 732F3B26173AA72400026B5E /* Foundation.framework */; };
		732F3B29173AA72400026B5E /* CoreGraphics.framework in Frameworks */ = {isa = PBXBuildFile; fileRef = 732F3B28173AA72400026B5E /* CoreGraphics.framework */; };
		732F3B31173AA72400026B5E /* main.m in Sources */ = {isa = PBXBuildFile; fileRef = 732F3B30173AA72400026B5E /* main.m */; };
		732F3B35173AA72400026B5E /* AppDelegate.m in Sources */ = {isa = PBXBuildFile; fileRef = 732F3B34173AA72400026B5E /* AppDelegate.m */; };
		732F3B37173AA72400026B5E /* Default.png in Resources */ = {isa = PBXBuildFile; fileRef = 732F3B36173AA72400026B5E /* Default.png */; };
		732F3B39173AA72400026B5E /* Default@2x.png in Resources */ = {isa = PBXBuildFile; fileRef = 732F3B38173AA72400026B5E /* Default@2x.png */; };
		732F3B3B173AA72400026B5E /* Default-568h@2x.png in Resources */ = {isa = PBXBuildFile; fileRef = 732F3B3A173AA72400026B5E /* Default-568h@2x.png */; };
		732F3B48173AA73B00026B5E /* SenTestingKit.framework in Frameworks */ = {isa = PBXBuildFile; fileRef = 732F3B47173AA73B00026B5E /* SenTestingKit.framework */; };
		732F3B49173AA73B00026B5E /* UIKit.framework in Frameworks */ = {isa = PBXBuildFile; fileRef = 732F3B24173AA72400026B5E /* UIKit.framework */; };
		732F3B4A173AA73B00026B5E /* Foundation.framework in Frameworks */ = {isa = PBXBuildFile; fileRef = 732F3B26173AA72400026B5E /* Foundation.framework */; };
		732F3B5E173AA74A00026B5E /* SenTestingKit.framework in Frameworks */ = {isa = PBXBuildFile; fileRef = 732F3B47173AA73B00026B5E /* SenTestingKit.framework */; };
		732F3B5F173AA74A00026B5E /* UIKit.framework in Frameworks */ = {isa = PBXBuildFile; fileRef = 732F3B24173AA72400026B5E /* UIKit.framework */; };
		732F3B60173AA74A00026B5E /* Foundation.framework in Frameworks */ = {isa = PBXBuildFile; fileRef = 732F3B26173AA72400026B5E /* Foundation.framework */; };
		732F3B71173AA79400026B5E /* NSDate+AZDateBuilder.m in Sources */ = {isa = PBXBuildFile; fileRef = 732F3B70173AA79400026B5E /* NSDate+AZDateBuilder.m */; };
		732F3B72173AA79400026B5E /* NSDate+AZDateBuilder.m in Sources */ = {isa = PBXBuildFile; fileRef = 732F3B70173AA79400026B5E /* NSDate+AZDateBuilder.m */; };
		732F3B73173AA79400026B5E /* NSDate+AZDateBuilder.m in Sources */ = {isa = PBXBuildFile; fileRef = 732F3B70173AA79400026B5E /* NSDate+AZDateBuilder.m */; };
		732F3B75173AA7A300026B5E /* AZDateBuilderTest.m in Sources */ = {isa = PBXBuildFile; fileRef = 732F3B74173AA7A300026B5E /* AZDateBuilderTest.m */; };
		732F3B76173AA7A300026B5E /* AZDateBuilderTest.m in Sources */ = {isa = PBXBuildFile; fileRef = 732F3B74173AA7A300026B5E /* AZDateBuilderTest.m */; };
		DB546CAE40F147CEAB8B905C /* libPods-LogicTests.a in Frameworks */ = {isa = PBXBuildFile; fileRef = DB72C7EA4FA540E893AF310C /* libPods-LogicTests.a */; };
/* End PBXBuildFile section */

/* Begin PBXFileReference section */
		536137C745BE4FCB90291F97 /* Pods.xcconfig */ = {isa = PBXFileReference; includeInIndex = 1; lastKnownFileType = text.xcconfig; name = Pods.xcconfig; path = Pods/Pods.xcconfig; sourceTree = SOURCE_ROOT; };
		732F3B21173AA72400026B5E /* AZDateBuilder.app */ = {isa = PBXFileReference; explicitFileType = wrapper.application; includeInIndex = 0; path = AZDateBuilder.app; sourceTree = BUILT_PRODUCTS_DIR; };
		732F3B24173AA72400026B5E /* UIKit.framework */ = {isa = PBXFileReference; lastKnownFileType = wrapper.framework; name = UIKit.framework; path = System/Library/Frameworks/UIKit.framework; sourceTree = SDKROOT; };
		732F3B26173AA72400026B5E /* Foundation.framework */ = {isa = PBXFileReference; lastKnownFileType = wrapper.framework; name = Foundation.framework; path = System/Library/Frameworks/Foundation.framework; sourceTree = SDKROOT; };
		732F3B28173AA72400026B5E /* CoreGraphics.framework */ = {isa = PBXFileReference; lastKnownFileType = wrapper.framework; name = CoreGraphics.framework; path = System/Library/Frameworks/CoreGraphics.framework; sourceTree = SDKROOT; };
		732F3B2C173AA72400026B5E /* AZDateBuilder-Info.plist */ = {isa = PBXFileReference; lastKnownFileType = text.plist.xml; path = "AZDateBuilder-Info.plist"; sourceTree = "<group>"; };
		732F3B2E173AA72400026B5E /* en */ = {isa = PBXFileReference; lastKnownFileType = text.plist.strings; name = en; path = en.lproj/InfoPlist.strings; sourceTree = "<group>"; };
		732F3B30173AA72400026B5E /* main.m */ = {isa = PBXFileReference; lastKnownFileType = sourcecode.c.objc; path = main.m; sourceTree = "<group>"; };
		732F3B32173AA72400026B5E /* AZDateBuilder-Prefix.pch */ = {isa = PBXFileReference; lastKnownFileType = sourcecode.c.h; path = "AZDateBuilder-Prefix.pch"; sourceTree = "<group>"; };
		732F3B33173AA72400026B5E /* AppDelegate.h */ = {isa = PBXFileReference; lastKnownFileType = sourcecode.c.h; path = AppDelegate.h; sourceTree = "<group>"; };
		732F3B34173AA72400026B5E /* AppDelegate.m */ = {isa = PBXFileReference; lastKnownFileType = sourcecode.c.objc; path = AppDelegate.m; sourceTree = "<group>"; };
		732F3B36173AA72400026B5E /* Default.png */ = {isa = PBXFileReference; lastKnownFileType = image.png; path = Default.png; sourceTree = "<group>"; };
		732F3B38173AA72400026B5E /* Default@2x.png */ = {isa = PBXFileReference; lastKnownFileType = image.png; path = "Default@2x.png"; sourceTree = "<group>"; };
		732F3B3A173AA72400026B5E /* Default-568h@2x.png */ = {isa = PBXFileReference; lastKnownFileType = image.png; path = "Default-568h@2x.png"; sourceTree = "<group>"; };
		732F3B46173AA73B00026B5E /* LogicTests.octest */ = {isa = PBXFileReference; explicitFileType = wrapper.cfbundle; includeInIndex = 0; path = LogicTests.octest; sourceTree = BUILT_PRODUCTS_DIR; };
		732F3B47173AA73B00026B5E /* SenTestingKit.framework */ = {isa = PBXFileReference; lastKnownFileType = wrapper.framework; name = SenTestingKit.framework; path = Library/Frameworks/SenTestingKit.framework; sourceTree = DEVELOPER_DIR; };
		732F3B4D173AA73B00026B5E /* LogicTests-Info.plist */ = {isa = PBXFileReference; lastKnownFileType = text.plist.xml; path = "LogicTests-Info.plist"; sourceTree = "<group>"; };
		732F3B4F173AA73B00026B5E /* en */ = {isa = PBXFileReference; lastKnownFileType = text.plist.strings; name = en; path = en.lproj/InfoPlist.strings; sourceTree = "<group>"; };
		732F3B54173AA73B00026B5E /* LogicTests-Prefix.pch */ = {isa = PBXFileReference; lastKnownFileType = sourcecode.c.h; path = "LogicTests-Prefix.pch"; sourceTree = "<group>"; };
		732F3B5D173AA74A00026B5E /* ApplicationTests.octest */ = {isa = PBXFileReference; explicitFileType = wrapper.cfbundle; includeInIndex = 0; path = ApplicationTests.octest; sourceTree = BUILT_PRODUCTS_DIR; };
		732F3B63173AA74A00026B5E /* ApplicationTests-Info.plist */ = {isa = PBXFileReference; lastKnownFileType = text.plist.xml; path = "ApplicationTests-Info.plist"; sourceTree = "<group>"; };
		732F3B65173AA74A00026B5E /* en */ = {isa = PBXFileReference; lastKnownFileType = text.plist.strings; name = en; path = en.lproj/InfoPlist.strings; sourceTree = "<group>"; };
		732F3B6A173AA74A00026B5E /* ApplicationTests-Prefix.pch */ = {isa = PBXFileReference; lastKnownFileType = sourcecode.c.h; path = "ApplicationTests-Prefix.pch"; sourceTree = "<group>"; };
		732F3B6F173AA79400026B5E /* NSDate+AZDateBuilder.h */ = {isa = PBXFileReference; fileEncoding = 4; lastKnownFileType = sourcecode.c.h; path = "NSDate+AZDateBuilder.h"; sourceTree = "<group>"; };
		732F3B70173AA79400026B5E /* NSDate+AZDateBuilder.m */ = {isa = PBXFileReference; fileEncoding = 4; lastKnownFileType = sourcecode.c.objc; path = "NSDate+AZDateBuilder.m"; sourceTree = "<group>"; };
		732F3B74173AA7A300026B5E /* AZDateBuilderTest.m */ = {isa = PBXFileReference; fileEncoding = 4; lastKnownFileType = sourcecode.c.objc; path = AZDateBuilderTest.m; sourceTree = "<group>"; };
		9D1222BE749A489F84C49B3F /* libPods.a */ = {isa = PBXFileReference; explicitFileType = archive.ar; includeInIndex = 0; path = libPods.a; sourceTree = BUILT_PRODUCTS_DIR; };
		C73C5738CA6F4A48AED4AADE /* Pods-LogicTests.xcconfig */ = {isa = PBXFileReference; includeInIndex = 1; lastKnownFileType = text.xcconfig; name = "Pods-LogicTests.xcconfig"; path = "Pods/Pods-LogicTests.xcconfig"; sourceTree = SOURCE_ROOT; };
		D1D84422EE6C400B8DB18955 /* Pods-ApplicationTests.xcconfig */ = {isa = PBXFileReference; includeInIndex = 1; lastKnownFileType = text.xcconfig; name = "Pods-ApplicationTests.xcconfig"; path = "Pods/Pods-ApplicationTests.xcconfig"; sourceTree = SOURCE_ROOT; };
		DB72C7EA4FA540E893AF310C /* libPods-LogicTests.a */ = {isa = PBXFileReference; explicitFileType = archive.ar; includeInIndex = 0; path = "libPods-LogicTests.a"; sourceTree = BUILT_PRODUCTS_DIR; };
		E49B1FD1A3AD402097862FDE /* libPods-ApplicationTests.a */ = {isa = PBXFileReference; explicitFileType = archive.ar; includeInIndex = 0; path = "libPods-ApplicationTests.a"; sourceTree = BUILT_PRODUCTS_DIR; };
/* End PBXFileReference section */

/* Begin PBXFrameworksBuildPhase section */
		732F3B1E173AA72400026B5E /* Frameworks */ = {
			isa = PBXFrameworksBuildPhase;
			buildActionMask = 2147483647;
			files = (
				732F3B25173AA72400026B5E /* UIKit.framework in Frameworks */,
				732F3B27173AA72400026B5E /* Foundation.framework in Frameworks */,
				732F3B29173AA72400026B5E /* CoreGraphics.framework in Frameworks */,
				62B53AF8FCC34164A8710600 /* libPods.a in Frameworks */,
			);
			runOnlyForDeploymentPostprocessing = 0;
		};
		732F3B42173AA73B00026B5E /* Frameworks */ = {
			isa = PBXFrameworksBuildPhase;
			buildActionMask = 2147483647;
			files = (
				732F3B48173AA73B00026B5E /* SenTestingKit.framework in Frameworks */,
				732F3B49173AA73B00026B5E /* UIKit.framework in Frameworks */,
				732F3B4A173AA73B00026B5E /* Foundation.framework in Frameworks */,
				DB546CAE40F147CEAB8B905C /* libPods-LogicTests.a in Frameworks */,
			);
			runOnlyForDeploymentPostprocessing = 0;
		};
		732F3B59173AA74A00026B5E /* Frameworks */ = {
			isa = PBXFrameworksBuildPhase;
			buildActionMask = 2147483647;
			files = (
				732F3B5E173AA74A00026B5E /* SenTestingKit.framework in Frameworks */,
				732F3B5F173AA74A00026B5E /* UIKit.framework in Frameworks */,
				732F3B60173AA74A00026B5E /* Foundation.framework in Frameworks */,
				32B811A93A2E4C7D8C135535 /* libPods-ApplicationTests.a in Frameworks */,
			);
			runOnlyForDeploymentPostprocessing = 0;
		};
/* End PBXFrameworksBuildPhase section */

/* Begin PBXGroup section */
		732F3B18173AA72400026B5E = {
			isa = PBXGroup;
			children = (
				732F3B2A173AA72400026B5E /* AZDateBuilder */,
				732F3B4B173AA73B00026B5E /* LogicTests */,
				732F3B61173AA74A00026B5E /* ApplicationTests */,
				732F3B23173AA72400026B5E /* Frameworks */,
				732F3B22173AA72400026B5E /* Products */,
				536137C745BE4FCB90291F97 /* Pods.xcconfig */,
				D1D84422EE6C400B8DB18955 /* Pods-ApplicationTests.xcconfig */,
				C73C5738CA6F4A48AED4AADE /* Pods-LogicTests.xcconfig */,
			);
			sourceTree = "<group>";
		};
		732F3B22173AA72400026B5E /* Products */ = {
			isa = PBXGroup;
			children = (
				732F3B21173AA72400026B5E /* AZDateBuilder.app */,
				732F3B46173AA73B00026B5E /* LogicTests.octest */,
				732F3B5D173AA74A00026B5E /* ApplicationTests.octest */,
			);
			name = Products;
			sourceTree = "<group>";
		};
		732F3B23173AA72400026B5E /* Frameworks */ = {
			isa = PBXGroup;
			children = (
				732F3B24173AA72400026B5E /* UIKit.framework */,
				732F3B26173AA72400026B5E /* Foundation.framework */,
				732F3B28173AA72400026B5E /* CoreGraphics.framework */,
				732F3B47173AA73B00026B5E /* SenTestingKit.framework */,
				9D1222BE749A489F84C49B3F /* libPods.a */,
				E49B1FD1A3AD402097862FDE /* libPods-ApplicationTests.a */,
				DB72C7EA4FA540E893AF310C /* libPods-LogicTests.a */,
			);
			name = Frameworks;
			sourceTree = "<group>";
		};
		732F3B2A173AA72400026B5E /* AZDateBuilder */ = {
			isa = PBXGroup;
			children = (
				732F3B6E173AA79400026B5E /* Lib */,
				732F3B33173AA72400026B5E /* AppDelegate.h */,
				732F3B34173AA72400026B5E /* AppDelegate.m */,
				732F3B2B173AA72400026B5E /* Supporting Files */,
			);
			path = AZDateBuilder;
			sourceTree = "<group>";
		};
		732F3B2B173AA72400026B5E /* Supporting Files */ = {
			isa = PBXGroup;
			children = (
				732F3B2C173AA72400026B5E /* AZDateBuilder-Info.plist */,
				732F3B2D173AA72400026B5E /* InfoPlist.strings */,
				732F3B30173AA72400026B5E /* main.m */,
				732F3B32173AA72400026B5E /* AZDateBuilder-Prefix.pch */,
				732F3B36173AA72400026B5E /* Default.png */,
				732F3B38173AA72400026B5E /* Default@2x.png */,
				732F3B3A173AA72400026B5E /* Default-568h@2x.png */,
			);
			name = "Supporting Files";
			sourceTree = "<group>";
		};
		732F3B4B173AA73B00026B5E /* LogicTests */ = {
			isa = PBXGroup;
			children = (
				732F3B74173AA7A300026B5E /* AZDateBuilderTest.m */,
				732F3B4C173AA73B00026B5E /* Supporting Files */,
			);
			path = LogicTests;
			sourceTree = "<group>";
		};
		732F3B4C173AA73B00026B5E /* Supporting Files */ = {
			isa = PBXGroup;
			children = (
				732F3B4D173AA73B00026B5E /* LogicTests-Info.plist */,
				732F3B4E173AA73B00026B5E /* InfoPlist.strings */,
				732F3B54173AA73B00026B5E /* LogicTests-Prefix.pch */,
			);
			name = "Supporting Files";
			sourceTree = "<group>";
		};
		732F3B61173AA74A00026B5E /* ApplicationTests */ = {
			isa = PBXGroup;
			children = (
				732F3B62173AA74A00026B5E /* Supporting Files */,
			);
			path = ApplicationTests;
			sourceTree = "<group>";
		};
		732F3B62173AA74A00026B5E /* Supporting Files */ = {
			isa = PBXGroup;
			children = (
				732F3B63173AA74A00026B5E /* ApplicationTests-Info.plist */,
				732F3B64173AA74A00026B5E /* InfoPlist.strings */,
				732F3B6A173AA74A00026B5E /* ApplicationTests-Prefix.pch */,
			);
			name = "Supporting Files";
			sourceTree = "<group>";
		};
		732F3B6E173AA79400026B5E /* Lib */ = {
			isa = PBXGroup;
			children = (
				732F3B6F173AA79400026B5E /* NSDate+AZDateBuilder.h */,
				732F3B70173AA79400026B5E /* NSDate+AZDateBuilder.m */,
			);
			path = Lib;
			sourceTree = "<group>";
		};
/* End PBXGroup section */

/* Begin PBXNativeTarget section */
		732F3B20173AA72400026B5E /* AZDateBuilder */ = {
			isa = PBXNativeTarget;
			buildConfigurationList = 732F3B3E173AA72400026B5E /* Build configuration list for PBXNativeTarget "AZDateBuilder" */;
			buildPhases = (
				F9A0E233BCE244079D158C9F /* Check Pods Manifest.lock */,
				732F3B1D173AA72400026B5E /* Sources */,
				732F3B1E173AA72400026B5E /* Frameworks */,
				732F3B1F173AA72400026B5E /* Resources */,
				75D85BA5CD494B3C95013FEC /* Copy Pods Resources */,
			);
			buildRules = (
			);
			dependencies = (
			);
			name = AZDateBuilder;
			productName = AZDateBuilder;
			productReference = 732F3B21173AA72400026B5E /* AZDateBuilder.app */;
			productType = "com.apple.product-type.application";
		};
		732F3B45173AA73B00026B5E /* LogicTests */ = {
			isa = PBXNativeTarget;
			buildConfigurationList = 732F3B55173AA73C00026B5E /* Build configuration list for PBXNativeTarget "LogicTests" */;
			buildPhases = (
				6319269AB4474DA695597916 /* Check Pods Manifest.lock */,
				732F3B41173AA73B00026B5E /* Sources */,
				732F3B42173AA73B00026B5E /* Frameworks */,
				732F3B43173AA73B00026B5E /* Resources */,
				732F3B44173AA73B00026B5E /* ShellScript */,
				2502BA9BE7224558B312CE01 /* Copy Pods Resources */,
			);
			buildRules = (
			);
			dependencies = (
			);
			name = LogicTests;
			productName = LogicTests;
			productReference = 732F3B46173AA73B00026B5E /* LogicTests.octest */;
			productType = "com.apple.product-type.bundle";
		};
		732F3B5C173AA74A00026B5E /* ApplicationTests */ = {
			isa = PBXNativeTarget;
			buildConfigurationList = 732F3B6B173AA74A00026B5E /* Build configuration list for PBXNativeTarget "ApplicationTests" */;
			buildPhases = (
				ACC3D4CBDEFA474798DA8484 /* Check Pods Manifest.lock */,
				732F3B58173AA74A00026B5E /* Sources */,
				732F3B59173AA74A00026B5E /* Frameworks */,
				732F3B5A173AA74A00026B5E /* Resources */,
				732F3B5B173AA74A00026B5E /* ShellScript */,
				C8B5D829350D45A683BBA384 /* Copy Pods Resources */,
			);
			buildRules = (
			);
			dependencies = (
			);
			name = ApplicationTests;
			productName = ApplicationTests;
			productReference = 732F3B5D173AA74A00026B5E /* ApplicationTests.octest */;
			productType = "com.apple.product-type.bundle";
		};
/* End PBXNativeTarget section */

/* Begin PBXProject section */
		732F3B19173AA72400026B5E /* Project object */ = {
			isa = PBXProject;
			attributes = {
				LastUpgradeCheck = 0460;
				ORGANIZATIONNAME = azu;
			};
			buildConfigurationList = 732F3B1C173AA72400026B5E /* Build configuration list for PBXProject "AZDateBuilder" */;
			compatibilityVersion = "Xcode 3.2";
			developmentRegion = English;
			hasScannedForEncodings = 0;
			knownRegions = (
				en,
			);
			mainGroup = 732F3B18173AA72400026B5E;
			productRefGroup = 732F3B22173AA72400026B5E /* Products */;
			projectDirPath = "";
			projectRoot = "";
			targets = (
				732F3B20173AA72400026B5E /* AZDateBuilder */,
				732F3B45173AA73B00026B5E /* LogicTests */,
				732F3B5C173AA74A00026B5E /* ApplicationTests */,
			);
		};
/* End PBXProject section */

/* Begin PBXResourcesBuildPhase section */
		732F3B1F173AA72400026B5E /* Resources */ = {
			isa = PBXResourcesBuildPhase;
			buildActionMask = 2147483647;
			files = (
				732F3B37173AA72400026B5E /* Default.png in Resources */,
				732F3B39173AA72400026B5E /* Default@2x.png in Resources */,
				732F3B3B173AA72400026B5E /* Default-568h@2x.png in Resources */,
			);
			runOnlyForDeploymentPostprocessing = 0;
		};
		732F3B43173AA73B00026B5E /* Resources */ = {
			isa = PBXResourcesBuildPhase;
			buildActionMask = 2147483647;
			files = (
			);
			runOnlyForDeploymentPostprocessing = 0;
		};
		732F3B5A173AA74A00026B5E /* Resources */ = {
			isa = PBXResourcesBuildPhase;
			buildActionMask = 2147483647;
			files = (
			);
			runOnlyForDeploymentPostprocessing = 0;
		};
/* End PBXResourcesBuildPhase section */

/* Begin PBXShellScriptBuildPhase section */
		2502BA9BE7224558B312CE01 /* Copy Pods Resources */ = {
			isa = PBXShellScriptBuildPhase;
			buildActionMask = 2147483647;
			files = (
			);
			inputPaths = (
			);
			name = "Copy Pods Resources";
			outputPaths = (
			);
			runOnlyForDeploymentPostprocessing = 0;
			shellPath = /bin/sh;
			shellScript = "\"${SRCROOT}/Pods/Pods-LogicTests-resources.sh\"\n";
		};
		6319269AB4474DA695597916 /* Check Pods Manifest.lock */ = {
			isa = PBXShellScriptBuildPhase;
			buildActionMask = 2147483647;
			files = (
			);
			inputPaths = (
			);
			name = "Check Pods Manifest.lock";
			outputPaths = (
			);
			runOnlyForDeploymentPostprocessing = 0;
			shellPath = /bin/sh;
			shellScript = "diff \"${PODS_ROOT}/../Podfile.lock\" \"${PODS_ROOT}/Manifest.lock\" > /dev/null\nif [[ $? != 0 ]] ; then\n    cat << EOM\nerror: The sandbox is not in sync with the Podfile.lock. Run 'pod install' or update your CocoaPods installation.\nEOM\n    exit 1\nfi\n";
		};
		732F3B44173AA73B00026B5E /* ShellScript */ = {
			isa = PBXShellScriptBuildPhase;
			buildActionMask = 2147483647;
			files = (
			);
			inputPaths = (
			);
			outputPaths = (
			);
			runOnlyForDeploymentPostprocessing = 0;
			shellPath = /bin/sh;
			shellScript = "# Run the unit tests in this test bundle.\n\"${SYSTEM_DEVELOPER_DIR}/Tools/RunUnitTests\"\n";
		};
		732F3B5B173AA74A00026B5E /* ShellScript */ = {
			isa = PBXShellScriptBuildPhase;
			buildActionMask = 2147483647;
			files = (
			);
			inputPaths = (
			);
			outputPaths = (
			);
			runOnlyForDeploymentPostprocessing = 0;
			shellPath = /bin/sh;
			shellScript = "# Run the unit tests in this test bundle.\n\"${SYSTEM_DEVELOPER_DIR}/Tools/RunUnitTests\"\n";
		};
		75D85BA5CD494B3C95013FEC /* Copy Pods Resources */ = {
			isa = PBXShellScriptBuildPhase;
			buildActionMask = 2147483647;
			files = (
			);
			inputPaths = (
			);
			name = "Copy Pods Resources";
			outputPaths = (
			);
			runOnlyForDeploymentPostprocessing = 0;
			shellPath = /bin/sh;
			shellScript = "\"${SRCROOT}/Pods/Pods-resources.sh\"\n";
		};
		ACC3D4CBDEFA474798DA8484 /* Check Pods Manifest.lock */ = {
			isa = PBXShellScriptBuildPhase;
			buildActionMask = 2147483647;
			files = (
			);
			inputPaths = (
			);
			name = "Check Pods Manifest.lock";
			outputPaths = (
			);
			runOnlyForDeploymentPostprocessing = 0;
			shellPath = /bin/sh;
			shellScript = "diff \"${PODS_ROOT}/../Podfile.lock\" \"${PODS_ROOT}/Manifest.lock\" > /dev/null\nif [[ $? != 0 ]] ; then\n    cat << EOM\nerror: The sandbox is not in sync with the Podfile.lock. Run 'pod install' or update your CocoaPods installation.\nEOM\n    exit 1\nfi\n";
		};
		C8B5D829350D45A683BBA384 /* Copy Pods Resources */ = {
			isa = PBXShellScriptBuildPhase;
			buildActionMask = 2147483647;
			files = (
			);
			inputPaths = (
			);
			name = "Copy Pods Resources";
			outputPaths = (
			);
			runOnlyForDeploymentPostprocessing = 0;
			shellPath = /bin/sh;
			shellScript = "\"${SRCROOT}/Pods/Pods-ApplicationTests-resources.sh\"\n";
		};
		F9A0E233BCE244079D158C9F /* Check Pods Manifest.lock */ = {
			isa = PBXShellScriptBuildPhase;
			buildActionMask = 2147483647;
			files = (
			);
			inputPaths = (
			);
			name = "Check Pods Manifest.lock";
			outputPaths = (
			);
			runOnlyForDeploymentPostprocessing = 0;
			shellPath = /bin/sh;
			shellScript = "diff \"${PODS_ROOT}/../Podfile.lock\" \"${PODS_ROOT}/Manifest.lock\" > /dev/null\nif [[ $? != 0 ]] ; then\n    cat << EOM\nerror: The sandbox is not in sync with the Podfile.lock. Run 'pod install' or update your CocoaPods installation.\nEOM\n    exit 1\nfi\n";
		};
/* End PBXShellScriptBuildPhase section */

/* Begin PBXSourcesBuildPhase section */
		732F3B1D173AA72400026B5E /* Sources */ = {
			isa = PBXSourcesBuildPhase;
			buildActionMask = 2147483647;
			files = (
				732F3B31173AA72400026B5E /* main.m in Sources */,
				732F3B35173AA72400026B5E /* AppDelegate.m in Sources */,
				732F3B71173AA79400026B5E /* NSDate+AZDateBuilder.m in Sources */,
			);
			runOnlyForDeploymentPostprocessing = 0;
		};
		732F3B41173AA73B00026B5E /* Sources */ = {
			isa = PBXSourcesBuildPhase;
			buildActionMask = 2147483647;
			files = (
				732F3B72173AA79400026B5E /* NSDate+AZDateBuilder.m in Sources */,
				732F3B75173AA7A300026B5E /* AZDateBuilderTest.m in Sources */,
			);
			runOnlyForDeploymentPostprocessing = 0;
		};
		732F3B58173AA74A00026B5E /* Sources */ = {
			isa = PBXSourcesBuildPhase;
			buildActionMask = 2147483647;
			files = (
				732F3B73173AA79400026B5E /* NSDate+AZDateBuilder.m in Sources */,
				732F3B76173AA7A300026B5E /* AZDateBuilderTest.m in Sources */,
			);
			runOnlyForDeploymentPostprocessing = 0;
		};
/* End PBXSourcesBuildPhase section */

/* Begin PBXVariantGroup section */
		732F3B2D173AA72400026B5E /* InfoPlist.strings */ = {
			isa = PBXVariantGroup;
			children = (
				732F3B2E173AA72400026B5E /* en */,
			);
			name = InfoPlist.strings;
			sourceTree = "<group>";
		};
		732F3B4E173AA73B00026B5E /* InfoPlist.strings */ = {
			isa = PBXVariantGroup;
			children = (
				732F3B4F173AA73B00026B5E /* en */,
			);
			name = InfoPlist.strings;
			sourceTree = "<group>";
		};
		732F3B64173AA74A00026B5E /* InfoPlist.strings */ = {
			isa = PBXVariantGroup;
			children = (
				732F3B65173AA74A00026B5E /* en */,
			);
			name = InfoPlist.strings;
			sourceTree = "<group>";
		};
/* End PBXVariantGroup section */

/* Begin XCBuildConfiguration section */
		732F3B3C173AA72400026B5E /* Debug */ = {
			isa = XCBuildConfiguration;
			buildSettings = {
				ALWAYS_SEARCH_USER_PATHS = NO;
				CLANG_CXX_LANGUAGE_STANDARD = "gnu++0x";
				CLANG_CXX_LIBRARY = "libc++";
				CLANG_ENABLE_OBJC_ARC = YES;
				CLANG_WARN_CONSTANT_CONVERSION = YES;
				CLANG_WARN_EMPTY_BODY = YES;
				CLANG_WARN_ENUM_CONVERSION = YES;
				CLANG_WARN_INT_CONVERSION = YES;
				CLANG_WARN__DUPLICATE_METHOD_MATCH = YES;
				"CODE_SIGN_IDENTITY[sdk=iphoneos*]" = "iPhone Developer";
				COPY_PHASE_STRIP = NO;
				GCC_C_LANGUAGE_STANDARD = gnu99;
				GCC_DYNAMIC_NO_PIC = NO;
				GCC_OPTIMIZATION_LEVEL = 0;
				GCC_PREPROCESSOR_DEFINITIONS = (
					"DEBUG=1",
					"$(inherited)",
				);
				GCC_SYMBOLS_PRIVATE_EXTERN = NO;
				GCC_WARN_ABOUT_RETURN_TYPE = YES;
				GCC_WARN_UNINITIALIZED_AUTOS = YES;
				GCC_WARN_UNUSED_VARIABLE = YES;
				IPHONEOS_DEPLOYMENT_TARGET = 6.1;
				ONLY_ACTIVE_ARCH = YES;
				SDKROOT = iphoneos;
			};
			name = Debug;
		};
		732F3B3D173AA72400026B5E /* Release */ = {
			isa = XCBuildConfiguration;
			buildSettings = {
				ALWAYS_SEARCH_USER_PATHS = NO;
				CLANG_CXX_LANGUAGE_STANDARD = "gnu++0x";
				CLANG_CXX_LIBRARY = "libc++";
				CLANG_ENABLE_OBJC_ARC = YES;
				CLANG_WARN_CONSTANT_CONVERSION = YES;
				CLANG_WARN_EMPTY_BODY = YES;
				CLANG_WARN_ENUM_CONVERSION = YES;
				CLANG_WARN_INT_CONVERSION = YES;
				CLANG_WARN__DUPLICATE_METHOD_MATCH = YES;
				"CODE_SIGN_IDENTITY[sdk=iphoneos*]" = "iPhone Developer";
				COPY_PHASE_STRIP = YES;
				GCC_C_LANGUAGE_STANDARD = gnu99;
				GCC_WARN_ABOUT_RETURN_TYPE = YES;
				GCC_WARN_UNINITIALIZED_AUTOS = YES;
				GCC_WARN_UNUSED_VARIABLE = YES;
				IPHONEOS_DEPLOYMENT_TARGET = 6.1;
				OTHER_CFLAGS = "-DNS_BLOCK_ASSERTIONS=1";
				SDKROOT = iphoneos;
				VALIDATE_PRODUCT = YES;
			};
			name = Release;
		};
		732F3B3F173AA72400026B5E /* Debug */ = {
			isa = XCBuildConfiguration;
			baseConfigurationReference = 536137C745BE4FCB90291F97 /* Pods.xcconfig */;
			buildSettings = {
				GCC_PRECOMPILE_PREFIX_HEADER = YES;
				GCC_PREFIX_HEADER = "AZDateBuilder/AZDateBuilder-Prefix.pch";
				INFOPLIST_FILE = "AZDateBuilder/AZDateBuilder-Info.plist";
				PRODUCT_NAME = "$(TARGET_NAME)";
				WRAPPER_EXTENSION = app;
			};
			name = Debug;
		};
		732F3B40173AA72400026B5E /* Release */ = {
			isa = XCBuildConfiguration;
			baseConfigurationReference = 536137C745BE4FCB90291F97 /* Pods.xcconfig */;
			buildSettings = {
				GCC_PRECOMPILE_PREFIX_HEADER = YES;
				GCC_PREFIX_HEADER = "AZDateBuilder/AZDateBuilder-Prefix.pch";
				INFOPLIST_FILE = "AZDateBuilder/AZDateBuilder-Info.plist";
				PRODUCT_NAME = "$(TARGET_NAME)";
				WRAPPER_EXTENSION = app;
			};
			name = Release;
		};
		732F3B56173AA73C00026B5E /* Debug */ = {
			isa = XCBuildConfiguration;
			baseConfigurationReference = C73C5738CA6F4A48AED4AADE /* Pods-LogicTests.xcconfig */;
			buildSettings = {
				FRAMEWORK_SEARCH_PATHS = (
					"\"$(SDKROOT)/Developer/Library/Frameworks\"",
					"\"$(DEVELOPER_LIBRARY_DIR)/Frameworks\"",
				);
				GCC_PRECOMPILE_PREFIX_HEADER = YES;
				GCC_PREFIX_HEADER = "LogicTests/LogicTests-Prefix.pch";
				INFOPLIST_FILE = "LogicTests/LogicTests-Info.plist";
				PRODUCT_NAME = "$(TARGET_NAME)";
				WRAPPER_EXTENSION = octest;
			};
			name = Debug;
		};
		732F3B57173AA73C00026B5E /* Release */ = {
			isa = XCBuildConfiguration;
			baseConfigurationReference = C73C5738CA6F4A48AED4AADE /* Pods-LogicTests.xcconfig */;
			buildSettings = {
				FRAMEWORK_SEARCH_PATHS = (
					"\"$(SDKROOT)/Developer/Library/Frameworks\"",
					"\"$(DEVELOPER_LIBRARY_DIR)/Frameworks\"",
				);
				GCC_PRECOMPILE_PREFIX_HEADER = YES;
				GCC_PREFIX_HEADER = "LogicTests/LogicTests-Prefix.pch";
				INFOPLIST_FILE = "LogicTests/LogicTests-Info.plist";
				PRODUCT_NAME = "$(TARGET_NAME)";
				WRAPPER_EXTENSION = octest;
			};
			name = Release;
		};
		732F3B6C173AA74A00026B5E /* Debug */ = {
			isa = XCBuildConfiguration;
			baseConfigurationReference = D1D84422EE6C400B8DB18955 /* Pods-ApplicationTests.xcconfig */;
			buildSettings = {
				BUNDLE_LOADER = "$(BUILT_PRODUCTS_DIR)/AZDateBuilder.app/AZDateBuilder";
				FRAMEWORK_SEARCH_PATHS = (
					"\"$(SDKROOT)/Developer/Library/Frameworks\"",
					"\"$(DEVELOPER_LIBRARY_DIR)/Frameworks\"",
				);
				GCC_PRECOMPILE_PREFIX_HEADER = YES;
				GCC_PREFIX_HEADER = "ApplicationTests/ApplicationTests-Prefix.pch";
				INFOPLIST_FILE = "ApplicationTests/ApplicationTests-Info.plist";
				PRODUCT_NAME = "$(TARGET_NAME)";
				TEST_HOST = "$(BUNDLE_LOADER)";
				WRAPPER_EXTENSION = octest;
			};
			name = Debug;
		};
		732F3B6D173AA74A00026B5E /* Release */ = {
			isa = XCBuildConfiguration;
			baseConfigurationReference = D1D84422EE6C400B8DB18955 /* Pods-ApplicationTests.xcconfig */;
			buildSettings = {
				BUNDLE_LOADER = "$(BUILT_PRODUCTS_DIR)/AZDateBuilder.app/AZDateBuilder";
				FRAMEWORK_SEARCH_PATHS = (
					"\"$(SDKROOT)/Developer/Library/Frameworks\"",
					"\"$(DEVELOPER_LIBRARY_DIR)/Frameworks\"",
				);
				GCC_PRECOMPILE_PREFIX_HEADER = YES;
				GCC_PREFIX_HEADER = "ApplicationTests/ApplicationTests-Prefix.pch";
				INFOPLIST_FILE = "ApplicationTests/ApplicationTests-Info.plist";
				PRODUCT_NAME = "$(TARGET_NAME)";
				TEST_HOST = "$(BUNDLE_LOADER)";
				WRAPPER_EXTENSION = octest;
			};
			name = Release;
		};
/* End XCBuildConfiguration section */

/* Begin XCConfigurationList section */
		732F3B1C173AA72400026B5E /* Build configuration list for PBXProject "AZDateBuilder" */ = {
			isa = XCConfigurationList;
			buildConfigurations = (
				732F3B3C173AA72400026B5E /* Debug */,
				732F3B3D173AA72400026B5E /* Release */,
			);
			defaultConfigurationIsVisible = 0;
			defaultConfigurationName = Release;
		};
		732F3B3E173AA72400026B5E /* Build configuration list for PBXNativeTarget "AZDateBuilder" */ = {
			isa = XCConfigurationList;
			buildConfigurations = (
				732F3B3F173AA72400026B5E /* Debug */,
				732F3B40173AA72400026B5E /* Release */,
			);
			defaultConfigurationIsVisible = 0;
			defaultConfigurationName = Release;
		};
		732F3B55173AA73C00026B5E /* Build configuration list for PBXNativeTarget "LogicTests" */ = {
			isa = XCConfigurationList;
			buildConfigurations = (
				732F3B56173AA73C00026B5E /* Debug */,
				732F3B57173AA73C00026B5E /* Release */,
			);
			defaultConfigurationIsVisible = 0;
			defaultConfigurationName = Release;
		};
		732F3B6B173AA74A00026B5E /* Build configuration list for PBXNativeTarget "ApplicationTests" */ = {
			isa = XCConfigurationList;
			buildConfigurations = (
				732F3B6C173AA74A00026B5E /* Debug */,
				732F3B6D173AA74A00026B5E /* Release */,
			);
			defaultConfigurationIsVisible = 0;
			defaultConfigurationName = Release;
		};
/* End XCConfigurationList section */
	};
	rootObject = 732F3B19173AA72400026B5E /* Project object */;
}
